
Microsoft Visual Studio Solution File, Format Version 12.00
# Visual Studio Version 16
VisualStudioVersion = 16.0.31613.86
MinimumVisualStudioVersion = 10.0.40219.1
Project("{FAE04EC0-301F-11D3-BF4B-00C04F79EFBC}") = "WebApplication1", "WebApplication1\WebApplication1.csproj", "{4A42D5E4-C9CC-43A6-8B11-383F93F2A36C}"
EndProject
Global
	GlobalSection(SolutionConfigurationPlatforms) = preSolution
		Debug|Any CPU = Debug|Any CPU
		Release|Any CPU = Release|Any CPU
	EndGlobalSection
	GlobalSection(ProjectConfigurationPlatforms) = postSolution
		{4A42D5E4-C9CC-43A6-8B11-383F93F2A36C}.Debug|Any CPU.ActiveCfg = Debug|Any CPU
		{4A42D5E4-C9CC-43A6-8B11-383F93F2A36C}.Debug|Any CPU.Build.0 = Debug|Any CPU
		{4A42D5E4-C9CC-43A6-8B11-383F93F2A36C}.Release|Any CPU.ActiveCfg = Release|Any CPU
		{4A42D5E4-C9CC-43A6-8B11-383F93F2A36C}.Release|Any CPU.Build.0 = Release|Any CPU
	EndGlobalSection
	GlobalSection(SolutionProperties) = preSolution
		HideSolutionNode = FALSE
	EndGlobalSection
	GlobalSection(ExtensibilityGlobals) = postSolution
		SolutionGuid = {94644F62-ACCB-4020-9A56-01AD6041FA19}
	EndGlobalSection
EndGlobal
